Microsoft Visual Studio Solution File, Format Version 12.00
# Visual Studio Version 16
VisualStudioVersion = 16.0.28606.126
MinimumVisualStudioVersion = 10.0.40219.1
Project("{9A19103F-16F7-4668-BE54-9A1E7A4F7556}") = "SecKill", "SecKill\SecKill.csproj", "{4093A7E6-AB2D-4C99-82ED-B5E90680A02A}"
EndProject
Project("{FAE04EC0-301F-11D3-BF4B-00C04F79EFBC}") = "Seckill.Identity", "Seckill.Identity\Seckill.Identity.csproj", "{17658A92-E82D-4660-B34E-D7D758FAB58A}"
EndProject
Global
	GlobalSection(SolutionConfigurationPlatforms) = preSolution
		Debug|Any CPU = Debug|Any CPU
		Release|Any CPU = Release|Any CPU
	EndGlobalSection
	GlobalSection(ProjectConfigurationPlatforms) = postSolution
		{4093A7E6-AB2D-4C99-82ED-B5E90680A02A}.Debug|Any CPU.ActiveCfg = Debug|Any CPU
		{4093A7E6-AB2D-4C99-82ED-B5E90680A02A}.Debug|Any CPU.Build.0 = Debug|Any CPU
		{4093A7E6-AB2D-4C99-82ED-B5E90680A02A}.Release|Any CPU.ActiveCfg = Release|Any CPU
		{4093A7E6-AB2D-4C99-82ED-B5E90680A02A}.Release|Any CPU.Build.0 = Release|Any CPU
		{17658A92-E82D-4660-B34E-D7D758FAB58A}.Debug|Any CPU.ActiveCfg = Debug|Any CPU
		{17658A92-E82D-4660-B34E-D7D758FAB58A}.Debug|Any CPU.Build.0 = Debug|Any CPU
		{17658A92-E82D-4660-B34E-D7D758FAB58A}.Release|Any CPU.ActiveCfg = Release|Any CPU
		{17658A92-E82D-4660-B34E-D7D758FAB58A}.Release|Any CPU.Build.0 = Release|Any CPU
	EndGlobalSection
	GlobalSection(SolutionProperties) = preSolution
		HideSolutionNode = FALSE
	EndGlobalSection
	GlobalSection(ExtensibilityGlobals) = postSolution
		SolutionGuid = {950CE863-BFD8-41E3-B446-8D5917A8FA19}
	EndGlobalSection
EndGlobal
