Microsoft Visual Studio Solution File, Format Version 12.00
# Visual Studio 15
VisualStudioVersion = 15.0.28307.329
MinimumVisualStudioVersion = 10.0.40219.1
Project("{9A19103F-16F7-4668-BE54-9A1E7A4F7556}") = "SecKill", "SecKill\SecKill.csproj", "{4093A7E6-AB2D-4C99-82ED-B5E90680A02A}"
EndProject
Global
	GlobalSection(SolutionConfigurationPlatforms) = preSolution
		Debug|Any CPU = Debug|Any CPU
		Release|Any CPU = Release|Any CPU
	EndGlobalSection
	GlobalSection(ProjectConfigurationPlatforms) = postSolution
		{4093A7E6-AB2D-4C99-82ED-B5E90680A02A}.Debug|Any CPU.ActiveCfg = Debug|Any CPU
		{4093A7E6-AB2D-4C99-82ED-B5E90680A02A}.Debug|Any CPU.Build.0 = Debug|Any CPU
		{4093A7E6-AB2D-4C99-82ED-B5E90680A02A}.Release|Any CPU.ActiveCfg = Release|Any CPU
		{4093A7E6-AB2D-4C99-82ED-B5E90680A02A}.Release|Any CPU.Build.0 = Release|Any CPU
	EndGlobalSection
	GlobalSection(SolutionProperties) = preSolution
		HideSolutionNode = FALSE
	EndGlobalSection
	GlobalSection(ExtensibilityGlobals) = postSolution
		SolutionGuid = {950CE863-BFD8-41E3-B446-8D5917A8FA19}
	EndGlobalSection
EndGlobal
