
Microsoft Visual Studio Solution File, Format Version 12.00
# Visual Studio 15
Project("{FAE04EC0-301F-11D3-BF4B-00C04F79EFBC}") = "SecKill", "SecKill\SecKill.csproj", "{4093A7E6-AB2D-4C99-82ED-B5E90680A02A}"
EndProject
Global
	GlobalSection(SolutionConfigurationPlatforms) = preSolution
		Debug|Any CPU = Debug|Any CPU
		Release|Any CPU = Release|Any CPU
	EndGlobalSection
	GlobalSection(ProjectConfigurationPlatforms) = postSolution
		{4093A7E6-AB2D-4C99-82ED-B5E90680A02A}.Debug|Any CPU.ActiveCfg = Debug|Any CPU
		{4093A7E6-AB2D-4C99-82ED-B5E90680A02A}.Debug|Any CPU.Build.0 = Debug|Any CPU
		{4093A7E6-AB2D-4C99-82ED-B5E90680A02A}.Release|Any CPU.ActiveCfg = Release|Any CPU
		{4093A7E6-AB2D-4C99-82ED-B5E90680A02A}.Release|Any CPU.Build.0 = Release|Any CPU
	EndGlobalSection
EndGlobal
